{
    "name": "survivor-game-exports",
    "version": "1.0.0",
    "lockfileVersion": 3,
    "requires": true,
    "packages": {
        "": {
            "name": "survivor-game-exports",
            "version": "1.0.0",
            "license": "MIT",
            "devDependencies": {}
        }
    }
}
